
Microsoft Visual Studio Solution File, Format Version 12.00
# Visual Studio Version 17
VisualStudioVersion = 17.14.36603.0 d17.14
MinimumVisualStudioVersion = 10.0.40219.1
Project("{FAE04EC0-301F-11D3-BF4B-00C04F79EFBC}") = "PowerPlants.API", "PowerPlants.API\PowerPlants.API.csproj", "{454AE0DC-E29C-4F0B-90D3-66FEC31C6F9F}"
EndProject
Project("{FAE04EC0-301F-11D3-BF4B-00C04F79EFBC}") = "PowerPlants.Business", "PowerPlants.Business\PowerPlants.Business.csproj", "{B40CEE0C-2CC9-4DE0-84E4-A8073DCAA144}"
EndProject
Project("{FAE04EC0-301F-11D3-BF4B-00C04F79EFBC}") = "PowerPlants.Persistence", "PowerPlants.Persistence\PowerPlants.Persistence.csproj", "{4E5CA986-04AD-4A7A-B8E9-49393AD3D80E}"
EndProject
Global
	GlobalSection(SolutionConfigurationPlatforms) = preSolution
		Debug|Any CPU = Debug|Any CPU
		Release|Any CPU = Release|Any CPU
	EndGlobalSection
	GlobalSection(ProjectConfigurationPlatforms) = postSolution
		{454AE0DC-E29C-4F0B-90D3-66FEC31C6F9F}.Debug|Any CPU.ActiveCfg = Debug|Any CPU
		{454AE0DC-E29C-4F0B-90D3-66FEC31C6F9F}.Debug|Any CPU.Build.0 = Debug|Any CPU
		{454AE0DC-E29C-4F0B-90D3-66FEC31C6F9F}.Release|Any CPU.ActiveCfg = Release|Any CPU
		{454AE0DC-E29C-4F0B-90D3-66FEC31C6F9F}.Release|Any CPU.Build.0 = Release|Any CPU
		{B40CEE0C-2CC9-4DE0-84E4-A8073DCAA144}.Debug|Any CPU.ActiveCfg = Debug|Any CPU
		{B40CEE0C-2CC9-4DE0-84E4-A8073DCAA144}.Debug|Any CPU.Build.0 = Debug|Any CPU
		{B40CEE0C-2CC9-4DE0-84E4-A8073DCAA144}.Release|Any CPU.ActiveCfg = Release|Any CPU
		{B40CEE0C-2CC9-4DE0-84E4-A8073DCAA144}.Release|Any CPU.Build.0 = Release|Any CPU
		{4E5CA986-04AD-4A7A-B8E9-49393AD3D80E}.Debug|Any CPU.ActiveCfg = Debug|Any CPU
		{4E5CA986-04AD-4A7A-B8E9-49393AD3D80E}.Debug|Any CPU.Build.0 = Debug|Any CPU
		{4E5CA986-04AD-4A7A-B8E9-49393AD3D80E}.Release|Any CPU.ActiveCfg = Release|Any CPU
		{4E5CA986-04AD-4A7A-B8E9-49393AD3D80E}.Release|Any CPU.Build.0 = Release|Any CPU
	EndGlobalSection
	GlobalSection(SolutionProperties) = preSolution
		HideSolutionNode = FALSE
	EndGlobalSection
	GlobalSection(ExtensibilityGlobals) = postSolution
		SolutionGuid = {55E4DE68-FCCE-4506-AA65-462D2A768111}
	EndGlobalSection
EndGlobal
